PODS:
  - Flutter (1.0.0)
  - flutter_keyboard_visibility (0.0.1):
    - Flutter
  - fluttertoast (0.0.2):
    - Flutter
    - Toast
  - geolocator_apple (1.2.0):
    - Flutter
  - Google-Maps-iOS-Utils (5.0.0):
    - GoogleMaps (~> 8.0)
  - google_maps_flutter_ios (0.0.1):
    - Flutter
    - Google-Maps-iOS-Utils (< 7.0, >= 5.0)
    - GoogleMaps (< 10.0, >= 8.4)
  - GoogleMaps (8.4.0):
    - GoogleMaps/Maps (= 8.4.0)
  - GoogleMaps/Base (8.4.0)
  - GoogleMaps/Maps (8.4.0):
    - GoogleMaps/Base
  - location (0.0.1):
    - Flutter
  - otpless_flutter (0.0.4):
    - Flutter
    - OtplessSDK (= 2.1.4)
  - OtplessSDK (2.1.4)
  - pointer_interceptor_ios (0.0.1):
    - Flutter
  - shared_preferences_foundation (0.0.1):
    - Flutter
    - FlutterMacOS
  - Toast (4.1.1)

DEPENDENCIES:
  - Flutter (from `Flutter`)
  - flutter_keyboard_visibility (from `.symlinks/plugins/flutter_keyboard_visibility/ios`)
  - fluttertoast (from `.symlinks/plugins/fluttertoast/ios`)
  - geolocator_apple (from `.symlinks/plugins/geolocator_apple/ios`)
  - google_maps_flutter_ios (from `.symlinks/plugins/google_maps_flutter_ios/ios`)
  - location (from `.symlinks/plugins/location/ios`)
  - otpless_flutter (from `.symlinks/plugins/otpless_flutter/ios`)
  - pointer_interceptor_ios (from `.symlinks/plugins/pointer_interceptor_ios/ios`)
  - shared_preferences_foundation (from `.symlinks/plugins/shared_preferences_foundation/darwin`)

SPEC REPOS:
  trunk:
    - Google-Maps-iOS-Utils
    - GoogleMaps
    - OtplessSDK
    - Toast

EXTERNAL SOURCES:
  Flutter:
    :path: Flutter
  flutter_keyboard_visibility:
    :path: ".symlinks/plugins/flutter_keyboard_visibility/ios"
  fluttertoast:
    :path: ".symlinks/plugins/fluttertoast/ios"
  geolocator_apple:
    :path: ".symlinks/plugins/geolocator_apple/ios"
  google_maps_flutter_ios:
    :path: ".symlinks/plugins/google_maps_flutter_ios/ios"
  location:
    :path: ".symlinks/plugins/location/ios"
  otpless_flutter:
    :path: ".symlinks/plugins/otpless_flutter/ios"
  pointer_interceptor_ios:
    :path: ".symlinks/plugins/pointer_interceptor_ios/ios"
  shared_preferences_foundation:
    :path: ".symlinks/plugins/shared_preferences_foundation/darwin"

SPEC CHECKSUMS:
  Flutter: e0871f40cf51350855a761d2e70bf5af5b9b5de7
  flutter_keyboard_visibility: 0339d06371254c3eb25eeb90ba8d17dca8f9c069
  fluttertoast: e9a18c7be5413da53898f660530c56f35edfba9c
  geolocator_apple: 6cbaf322953988e009e5ecb481f07efece75c450
  Google-Maps-iOS-Utils: 66d6de12be1ce6d3742a54661e7a79cb317a9321
  google_maps_flutter_ios: e31555a04d1986ab130f2b9f24b6cdc861acc6d3
  GoogleMaps: 8939898920281c649150e0af74aa291c60f2e77d
  location: d5cf8598915965547c3f36761ae9cc4f4e87d22e
  otpless_flutter: e2e36cf8878744154c97b716282d9c848a97e0b8
  OtplessSDK: d1f44d00d544358f7ba029649741848e8be4d3c1
  pointer_interceptor_ios: 508241697ff0947f853c061945a8b822463947c1
  shared_preferences_foundation: fcdcbc04712aee1108ac7fda236f363274528f78
  Toast: 1f5ea13423a1e6674c4abdac5be53587ae481c4e

PODFILE CHECKSUM: a4afb30c1bf8840f52d4921971e68512dc82c7d3

COCOAPODS: 1.15.2
